PODS:
  - SQLite.swift (0.11.2):
    - SQLite.swift/standard (= 0.11.2)
  - SQLite.swift/standard (0.11.2)

DEPENDENCIES:
  - SQLite.swift (~> 0.11.2)

SPEC CHECKSUMS:
  SQLite.swift: 670c3e9e0a806bbfd56a3de5d530768dc0e6fe7c

PODFILE CHECKSUM: 25eefe901c8a6a616b5a0745d74c900718df2e1c

COCOAPODS: 1.1.1
